
Microsoft Visual Studio Solution File, Format Version 12.00
# Visual Studio Version 16
VisualStudioVersion = 16.0.29911.84
MinimumVisualStudioVersion = 10.0.40219.1
Project("{9A19103F-16F7-4668-BE54-9A1E7A4F7556}") = "StoreWPF", "StoreWPF\StoreWPF.csproj", "{E3B18EFD-A8FE-4791-AEB3-B8F6AD1DB095}"
EndProject
Project("{9A19103F-16F7-4668-BE54-9A1E7A4F7556}") = "StoreWPF.DAL", "StoreWPF.DAL\StoreWPF.DAL.csproj", "{7A38B59D-9010-4F90-B4B5-C1068267BADC}"
EndProject
Project("{FAE04EC0-301F-11D3-BF4B-00C04F79EFBC}") = "StoreWPF.Interfaces", "StoreWPF.Interfaces\StoreWPF.Interfaces.csproj", "{20BAB9C5-88A8-45A9-A8F1-DF63D69FB7BC}"
EndProject
Global
	GlobalSection(SolutionConfigurationPlatforms) = preSolution
		Debug|Any CPU = Debug|Any CPU
		Release|Any CPU = Release|Any CPU
	EndGlobalSection
	GlobalSection(ProjectConfigurationPlatforms) = postSolution
		{E3B18EFD-A8FE-4791-AEB3-B8F6AD1DB095}.Debug|Any CPU.ActiveCfg = Debug|Any CPU
		{E3B18EFD-A8FE-4791-AEB3-B8F6AD1DB095}.Debug|Any CPU.Build.0 = Debug|Any CPU
		{E3B18EFD-A8FE-4791-AEB3-B8F6AD1DB095}.Release|Any CPU.ActiveCfg = Release|Any CPU
		{E3B18EFD-A8FE-4791-AEB3-B8F6AD1DB095}.Release|Any CPU.Build.0 = Release|Any CPU
		{7A38B59D-9010-4F90-B4B5-C1068267BADC}.Debug|Any CPU.ActiveCfg = Debug|Any CPU
		{7A38B59D-9010-4F90-B4B5-C1068267BADC}.Debug|Any CPU.Build.0 = Debug|Any CPU
		{7A38B59D-9010-4F90-B4B5-C1068267BADC}.Release|Any CPU.ActiveCfg = Release|Any CPU
		{7A38B59D-9010-4F90-B4B5-C1068267BADC}.Release|Any CPU.Build.0 = Release|Any CPU
		{20BAB9C5-88A8-45A9-A8F1-DF63D69FB7BC}.Debug|Any CPU.ActiveCfg = Debug|Any CPU
		{20BAB9C5-88A8-45A9-A8F1-DF63D69FB7BC}.Debug|Any CPU.Build.0 = Debug|Any CPU
		{20BAB9C5-88A8-45A9-A8F1-DF63D69FB7BC}.Release|Any CPU.ActiveCfg = Release|Any CPU
		{20BAB9C5-88A8-45A9-A8F1-DF63D69FB7BC}.Release|Any CPU.Build.0 = Release|Any CPU
	EndGlobalSection
	GlobalSection(SolutionProperties) = preSolution
		HideSolutionNode = FALSE
	EndGlobalSection
	GlobalSection(ExtensibilityGlobals) = postSolution
		SolutionGuid = {E70C2992-C49F-4BC8-B156-15CE6F7AF061}
	EndGlobalSection
EndGlobal
